
Microsoft Visual Studio Solution File, Format Version 12.00
# Visual Studio Version 17
VisualStudioVersion = 17.8.34330.188
MinimumVisualStudioVersion = 10.0.40219.1
Project("{2150E333-8FDC-42A3-9474-1A3956D46DE8}") = "Solution Items", "Solution Items", "{1834F30A-7E88-4432-B38A-DB88FB63DBA8}"
	ProjectSection(SolutionItems) = preProject
		Guide.txt = Guide.txt
	EndProjectSection
EndProject
Project("{2150E333-8FDC-42A3-9474-1A3956D46DE8}") = "ArrayAndHashing", "ArrayAndHashing", "{2F888912-4A7F-4C89-B6A8-959A9C8873F8}"
EndProject
Project("{8BC9CEB8-8B4A-11D0-8D11-00A0C91BC942}") = "ContainsDuplicate", "ContainsDuplicate\ContainsDuplicate.vcxproj", "{29B54ACB-8E78-4EE9-B161-1DDEF356E6E1}"
EndProject
Project("{8BC9CEB8-8B4A-11D0-8D11-00A0C91BC942}") = "ValidAnagram", "ValidAnagram\ValidAnagram.vcxproj", "{85047443-5FF9-4430-99CF-BD452AE429E9}"
EndProject
Project("{8BC9CEB8-8B4A-11D0-8D11-00A0C91BC942}") = "TwoSum", "TwoSum\TwoSum.vcxproj", "{18D96D40-5FCB-4E8A-864D-F9F1166861DA}"
EndProject
Project("{8BC9CEB8-8B4A-11D0-8D11-00A0C91BC942}") = "GroupAnagrams", "GroupAnagrams\GroupAnagrams.vcxproj", "{7E43020C-42A4-454F-9F39-E8F42F29F1EC}"
EndProject
Project("{8BC9CEB8-8B4A-11D0-8D11-00A0C91BC942}") = "TopKFrequentElements", "TopKFrequentElements\TopKFrequentElements.vcxproj", "{674214A9-04AA-4C31-9769-6C6CDF9F78A8}"
EndProject
Project("{8BC9CEB8-8B4A-11D0-8D11-00A0C91BC942}") = "ProductOfArrayExceptSelf", "ProductOfArrayExceptSelf\ProductOfArrayExceptSelf.vcxproj", "{D48B3CA0-4659-46A3-8722-219FEEF511A4}"
EndProject
Project("{8BC9CEB8-8B4A-11D0-8D11-00A0C91BC942}") = "LongestConsecutiveSequence", "LongestConsecutiveSequence\LongestConsecutiveSequence.vcxproj", "{9C1E897B-B7BD-411E-B642-08F82FF63746}"
EndProject
Project("{2150E333-8FDC-42A3-9474-1A3956D46DE8}") = "TwoPointers", "TwoPointers", "{F78FA12E-D7D3-4368-AB24-589CCFB395DD}"
EndProject
Project("{8BC9CEB8-8B4A-11D0-8D11-00A0C91BC942}") = "ValidPalindrome", "ValidPalindrome\ValidPalindrome.vcxproj", "{6ED459CD-F230-4A69-902F-644E6C41600B}"
EndProject
Project("{8BC9CEB8-8B4A-11D0-8D11-00A0C91BC942}") = "3Sum", "3Sum\3Sum.vcxproj", "{12AB124B-440C-4ED8-95CE-CEEBB7835801}"
EndProject
Project("{8BC9CEB8-8B4A-11D0-8D11-00A0C91BC942}") = "ContainerWithMostWater", "ContainerWithMostWater\ContainerWithMostWater.vcxproj", "{E1FE9390-8679-4F6A-8978-B659178E1E4A}"
EndProject
Project("{2150E333-8FDC-42A3-9474-1A3956D46DE8}") = "SlidingWindow", "SlidingWindow", "{AAD46423-D1CE-4DC5-9C6F-59EA85FD1932}"
EndProject
Project("{8BC9CEB8-8B4A-11D0-8D11-00A0C91BC942}") = "BestTimeToBuyAndSellStock", "BestTimeToBuyAndSellStock\BestTimeToBuyAndSellStock.vcxproj", "{E486B262-FFEF-4C2D-A1F5-7E573213B12E}"
EndProject
Project("{8BC9CEB8-8B4A-11D0-8D11-00A0C91BC942}") = "LongestSubstringWithoutRepeatingCharacters", "LongestSubstringWithoutRepeatingCharacters\LongestSubstringWithoutRepeatingCharacters.vcxproj", "{71A59C6E-B838-4886-B431-89E568B54887}"
EndProject
Project("{8BC9CEB8-8B4A-11D0-8D11-00A0C91BC942}") = "LongestRepeatingCharacterReplacement", "LongestRepeatingCharacterReplacement\LongestRepeatingCharacterReplacement.vcxproj", "{60FF3C92-3D9D-42C9-902F-DED16D9E44C6}"
EndProject
Project("{8BC9CEB8-8B4A-11D0-8D11-00A0C91BC942}") = "MinimumWindowSubstring", "MinimumWindowSubstring\MinimumWindowSubstring.vcxproj", "{B4FDD3CC-E2C6-459E-BB77-DCAF88BD52E3}"
EndProject
Project("{2150E333-8FDC-42A3-9474-1A3956D46DE8}") = "Stack", "Stack", "{23909E93-2B1D-4B3C-8481-E62B463920C7}"
EndProject
Project("{8BC9CEB8-8B4A-11D0-8D11-00A0C91BC942}") = "ValidParentheses", "ValidParentheses\ValidParentheses.vcxproj", "{2DD17543-1C99-455A-8743-93E6B4BCC358}"
EndProject
Project("{2150E333-8FDC-42A3-9474-1A3956D46DE8}") = "BinarySearch", "BinarySearch", "{FD1B098A-E357-432E-95AB-E0F6D24F9992}"
EndProject
Project("{8BC9CEB8-8B4A-11D0-8D11-00A0C91BC942}") = "FindMinimumInRotatedSortedArray", "FindMinimumInRotatedSortedArray\FindMinimumInRotatedSortedArray.vcxproj", "{4CB0D494-2D7C-4306-A415-370F74709E2D}"
EndProject
Project("{8BC9CEB8-8B4A-11D0-8D11-00A0C91BC942}") = "SearchInRotatedSortedArray", "SearchInRotatedSortedArray\SearchInRotatedSortedArray.vcxproj", "{6B869132-36C5-45A0-A717-37337041A2A2}"
EndProject
Project("{2150E333-8FDC-42A3-9474-1A3956D46DE8}") = "LinkedList", "LinkedList", "{C34CE747-178D-431F-A803-5D003A4B7934}"
EndProject
Project("{8BC9CEB8-8B4A-11D0-8D11-00A0C91BC942}") = "ReverseLinkedList", "ReverseLinkedList\ReverseLinkedList.vcxproj", "{BD742365-E57C-4537-8337-5CA5656B830B}"
EndProject
Project("{2150E333-8FDC-42A3-9474-1A3956D46DE8}") = "Trees", "Trees", "{BC0C35D6-292D-4EB7-94E7-DA029CB579DC}"
EndProject
Project("{8BC9CEB8-8B4A-11D0-8D11-00A0C91BC942}") = "InvertBinaryTree", "InvertBinaryTree\InvertBinaryTree.vcxproj", "{B3754F03-2F20-48AF-9AE8-25C2584C5267}"
EndProject
Project("{8BC9CEB8-8B4A-11D0-8D11-00A0C91BC942}") = "MaximumDepthOfBinaryTree", "MaximumDepthOfBinaryTree\MaximumDepthOfBinaryTree.vcxproj", "{B9D9C0B9-EDE7-44BF-8726-19E518FC7380}"
EndProject
Project("{8BC9CEB8-8B4A-11D0-8D11-00A0C91BC942}") = "SameTree", "SameTree\SameTree.vcxproj", "{F6E6B5BD-DA7D-43E4-9307-DD6D1E7F865A}"
EndProject
Project("{8BC9CEB8-8B4A-11D0-8D11-00A0C91BC942}") = "SubtreeOfAnotherTree", "SubtreeOfAnotherTree\SubtreeOfAnotherTree.vcxproj", "{5FC6BDB5-3F33-410A-A518-5134E2656D49}"
EndProject
Project("{8BC9CEB8-8B4A-11D0-8D11-00A0C91BC942}") = "LowestCommonAncestorOfABinarySearchTree", "LowestCommonAncestorOfABinarySearchTree\LowestCommonAncestorOfABinarySearchTree.vcxproj", "{3535B43F-8455-4FB8-9EC8-472AD5963283}"
EndProject
Project("{8BC9CEB8-8B4A-11D0-8D11-00A0C91BC942}") = "BinaryTreeLevelOrderTraversal", "BinaryTreeLevelOrderTraversal\BinaryTreeLevelOrderTraversal.vcxproj", "{73DFE8BD-EB3A-46F9-8E27-AE66D7F52F67}"
EndProject
Project("{8BC9CEB8-8B4A-11D0-8D11-00A0C91BC942}") = "ValidateBinarySearchTree", "ValidateBinarySearchTree\ValidateBinarySearchTree.vcxproj", "{49B1BA57-00FE-40EA-961C-129CE04AE731}"
EndProject
Project("{8BC9CEB8-8B4A-11D0-8D11-00A0C91BC942}") = "KthSmallestElementInABST", "KthSmallestElementInABST\KthSmallestElementInABST.vcxproj", "{70B90D1E-8DBF-4800-A937-6CA82AD8F03F}"
EndProject
Project("{8BC9CEB8-8B4A-11D0-8D11-00A0C91BC942}") = "ConstructBinaryTreeFromPreorderAndInorderTraversal", "ConstructBinaryTreeFromPreorderAndInorderTraversal\ConstructBinaryTreeFromPreorderAndInorderTraversal.vcxproj", "{746F7EB8-65A8-484D-A8B5-E5641A69E5AD}"
EndProject
Project("{8BC9CEB8-8B4A-11D0-8D11-00A0C91BC942}") = "BinaryTreeMaximumPathSum", "BinaryTreeMaximumPathSum\BinaryTreeMaximumPathSum.vcxproj", "{D5808BC8-42A2-4186-8FA5-7E00962F6C02}"
EndProject
Project("{8BC9CEB8-8B4A-11D0-8D11-00A0C91BC942}") = "SerializeAndDeserializeBinaryTree", "SerializeAndDeserializeBinaryTree\SerializeAndDeserializeBinaryTree.vcxproj", "{23A7BC70-9F60-432A-B40E-12ABF6A3D628}"
EndProject
Project("{2150E333-8FDC-42A3-9474-1A3956D46DE8}") = "HeapOrPriorityQueue", "HeapOrPriorityQueue", "{2CB1C7AF-F201-495C-9959-19BFC7A49FF6}"
EndProject
Project("{8BC9CEB8-8B4A-11D0-8D11-00A0C91BC942}") = "FindMedianFromDataStream", "FindMedianFromDataStream\FindMedianFromDataStream.vcxproj", "{635D6D74-FF75-4234-A215-9A1FF3A17F0A}"
EndProject
Project("{2150E333-8FDC-42A3-9474-1A3956D46DE8}") = "Backtracking", "Backtracking", "{22E845C9-B885-4A05-862A-D890D086CD76}"
EndProject
Project("{8BC9CEB8-8B4A-11D0-8D11-00A0C91BC942}") = "CombinationSum", "CombinationSum\CombinationSum.vcxproj", "{F8B48D64-78ED-45A3-B85F-14FCDAE8EF54}"
EndProject
Project("{8BC9CEB8-8B4A-11D0-8D11-00A0C91BC942}") = "WordSearch", "WordSearch\WordSearch.vcxproj", "{A453D6D6-C7DD-4843-80FA-84AA092B102A}"
EndProject
Project("{2150E333-8FDC-42A3-9474-1A3956D46DE8}") = "Trie", "Trie", "{67126383-56DA-4674-9723-C0BFADF5A3BC}"
EndProject
Project("{8BC9CEB8-8B4A-11D0-8D11-00A0C91BC942}") = "ImplementTriePrefixTree", "ImplementTrie\ImplementTrie.vcxproj", "{7726E21F-1AB3-45C2-BA32-6FDE29C87F6F}"
EndProject
Project("{8BC9CEB8-8B4A-11D0-8D11-00A0C91BC942}") = "DesignAddAndSearchWordsDataStructure", "DesignAddAndSearchWordsDataStructure\DesignAddAndSearchWordsDataStructure.vcxproj", "{6FC18459-261A-461E-BABE-A56A997E4D75}"
EndProject
Project("{8BC9CEB8-8B4A-11D0-8D11-00A0C91BC942}") = "WordSearchII", "WordSearchII\WordSearchII.vcxproj", "{C7098C29-7E61-481A-92F6-D2B0F96351DC}"
EndProject
Project("{2150E333-8FDC-42A3-9474-1A3956D46DE8}") = "Graphs", "Graphs", "{16D662C9-EAE8-4BBB-BEA5-C9E50FE70361}"
EndProject
Project("{8BC9CEB8-8B4A-11D0-8D11-00A0C91BC942}") = "NumberOfIslands", "NumberOfIslands\NumberOfIslands.vcxproj", "{5A2FB6BA-CC2B-41E4-A1A4-6582D78C60A6}"
EndProject
Project("{8BC9CEB8-8B4A-11D0-8D11-00A0C91BC942}") = "CloneGraph", "CloneGraph\CloneGraph.vcxproj", "{395FA14C-EBC9-4740-9A35-51733B6F2FE5}"
EndProject
Project("{8BC9CEB8-8B4A-11D0-8D11-00A0C91BC942}") = "PacificAtlanticWaterFlow", "PacificAtlanticWaterFlow\PacificAtlanticWaterFlow.vcxproj", "{6FE6E29D-772D-4605-944F-08E0A724A408}"
EndProject
Project("{8BC9CEB8-8B4A-11D0-8D11-00A0C91BC942}") = "CourseSchedule", "CourseSchedule\CourseSchedule.vcxproj", "{FFF56AA1-D0C4-4F27-97FE-474CD3F119AD}"
EndProject
Project("{8BC9CEB8-8B4A-11D0-8D11-00A0C91BC942}") = "ValidTree", "ValidTree\ValidTree.vcxproj", "{A8002275-36CA-4BF3-BC66-8331F0114675}"
EndProject
Project("{8BC9CEB8-8B4A-11D0-8D11-00A0C91BC942}") = "CountConnectedComponents", "CountConnectedComponents\CountConnectedComponents.vcxproj", "{B41B929D-5913-4112-882E-1F2C4F0D25F9}"
EndProject
Project("{2150E333-8FDC-42A3-9474-1A3956D46DE8}") = "AdvancedGraph", "AdvancedGraph", "{5C5AAC2A-20EB-4870-99C6-113CC8883582}"
EndProject
Project("{8BC9CEB8-8B4A-11D0-8D11-00A0C91BC942}") = "AlienDictionary", "AlienDictionary\AlienDictionary.vcxproj", "{AE68E2A1-D3BE-4370-AD43-49219E0F9431}"
EndProject
Project("{2150E333-8FDC-42A3-9474-1A3956D46DE8}") = "1DDynamicProgramming", "1DDynamicProgramming", "{0892302A-CE21-4E75-8D3E-C90A9741A1E5}"
EndProject
Project("{8BC9CEB8-8B4A-11D0-8D11-00A0C91BC942}") = "ClimbingStairs", "ClimbingStairs\ClimbingStairs.vcxproj", "{ADAB9803-CB9F-426B-9A6F-B8D6A1FD2B4F}"
EndProject
Project("{8BC9CEB8-8B4A-11D0-8D11-00A0C91BC942}") = "HouseRobber", "HouseRobber\HouseRobber.vcxproj", "{773C3A39-92D4-420C-86E2-1E8AC33D2009}"
EndProject
Project("{8BC9CEB8-8B4A-11D0-8D11-00A0C91BC942}") = "HouseRobberII", "HouseRobberII\HouseRobberII.vcxproj", "{22C06E34-11ED-4892-A1DE-B74715A98F24}"
EndProject
Project("{8BC9CEB8-8B4A-11D0-8D11-00A0C91BC942}") = "LongestPalindromicSubstring", "LongestPalindromicSubstring\LongestPalindromicSubstring.vcxproj", "{A859D4A5-0894-4A16-9DA6-80482B8B4491}"
EndProject
Project("{8BC9CEB8-8B4A-11D0-8D11-00A0C91BC942}") = "PalindromicSubstrings", "PalindromicSubstrings\PalindromicSubstrings.vcxproj", "{506757C3-3D00-45AD-BC1F-6622CBFC636A}"
EndProject
Project("{8BC9CEB8-8B4A-11D0-8D11-00A0C91BC942}") = "DecodeWays", "DecodeWays\DecodeWays.vcxproj", "{D801D0DF-C523-4B98-85C2-1CF6E3E6ECD8}"
EndProject
Project("{8BC9CEB8-8B4A-11D0-8D11-00A0C91BC942}") = "CoinChange", "CoinChange\CoinChange.vcxproj", "{6F91D818-349D-4441-A73F-B57A363219A8}"
EndProject
Project("{8BC9CEB8-8B4A-11D0-8D11-00A0C91BC942}") = "MaximumProductSubarray", "MaximumProductSubarray\MaximumProductSubarray.vcxproj", "{A3AA01D1-B8D0-45FB-955D-5854543AC29A}"
EndProject
Project("{8BC9CEB8-8B4A-11D0-8D11-00A0C91BC942}") = "WordBreak", "WordBreak\WordBreak.vcxproj", "{C91B9C64-0D4B-4DEF-A24F-B7F8D3A9BD68}"
EndProject
Project("{8BC9CEB8-8B4A-11D0-8D11-00A0C91BC942}") = "LongestIncreasingSubsequence", "LongestIncreasingSubsequence\LongestIncreasingSubsequence.vcxproj", "{02072CAB-D768-4FAA-95C7-25B2E639A60F}"
EndProject
Project("{2150E333-8FDC-42A3-9474-1A3956D46DE8}") = "2DDynamicProgramming", "2DDynamicProgramming", "{2BC9B9D0-14E2-4F31-82C5-81F4D6B48AD0}"
EndProject
Project("{8BC9CEB8-8B4A-11D0-8D11-00A0C91BC942}") = "UniquePaths", "UniquePaths\UniquePaths.vcxproj", "{8E0E574E-6273-430C-9593-B93111E91D11}"
EndProject
Project("{8BC9CEB8-8B4A-11D0-8D11-00A0C91BC942}") = "LongestCommonSubsequence", "LongestCommonSubsequence\LongestCommonSubsequence.vcxproj", "{7CA38EFD-A0AA-41E1-A202-154B1D653045}"
EndProject
Project("{2150E333-8FDC-42A3-9474-1A3956D46DE8}") = "MathAndGeometry", "MathAndGeometry", "{5A6E7127-B86D-4EDD-80B6-D2C8EFF2ABA2}"
EndProject
Project("{8BC9CEB8-8B4A-11D0-8D11-00A0C91BC942}") = "RotateImage", "RotateImage\RotateImage.vcxproj", "{020A45CA-E61C-414B-B4AC-47EA6ADD2F72}"
EndProject
Project("{8BC9CEB8-8B4A-11D0-8D11-00A0C91BC942}") = "SpiralMatrix", "SpiralMatrix\SpiralMatrix.vcxproj", "{225EDEBF-DDDA-410D-8121-CC0D54E102D1}"
EndProject
Project("{8BC9CEB8-8B4A-11D0-8D11-00A0C91BC942}") = "SetMatrixZeroes", "SetMatrixZeroes\SetMatrixZeroes.vcxproj", "{80F60569-15DA-4C12-87AE-619B208ACCCE}"
EndProject
Global
	GlobalSection(SolutionConfigurationPlatforms) = preSolution
		Debug|x64 = Debug|x64
		Debug|x86 = Debug|x86
		Release|x64 = Release|x64
		Release|x86 = Release|x86
	EndGlobalSection
	GlobalSection(ProjectConfigurationPlatforms) = postSolution
		{29B54ACB-8E78-4EE9-B161-1DDEF356E6E1}.Debug|x64.ActiveCfg = Debug|x64
		{29B54ACB-8E78-4EE9-B161-1DDEF356E6E1}.Debug|x64.Build.0 = Debug|x64
		{29B54ACB-8E78-4EE9-B161-1DDEF356E6E1}.Debug|x86.ActiveCfg = Debug|Win32
		{29B54ACB-8E78-4EE9-B161-1DDEF356E6E1}.Debug|x86.Build.0 = Debug|Win32
		{29B54ACB-8E78-4EE9-B161-1DDEF356E6E1}.Release|x64.ActiveCfg = Release|x64
		{29B54ACB-8E78-4EE9-B161-1DDEF356E6E1}.Release|x64.Build.0 = Release|x64
		{29B54ACB-8E78-4EE9-B161-1DDEF356E6E1}.Release|x86.ActiveCfg = Release|Win32
		{29B54ACB-8E78-4EE9-B161-1DDEF356E6E1}.Release|x86.Build.0 = Release|Win32
		{85047443-5FF9-4430-99CF-BD452AE429E9}.Debug|x64.ActiveCfg = Debug|x64
		{85047443-5FF9-4430-99CF-BD452AE429E9}.Debug|x64.Build.0 = Debug|x64
		{85047443-5FF9-4430-99CF-BD452AE429E9}.Debug|x86.ActiveCfg = Debug|Win32
		{85047443-5FF9-4430-99CF-BD452AE429E9}.Debug|x86.Build.0 = Debug|Win32
		{85047443-5FF9-4430-99CF-BD452AE429E9}.Release|x64.ActiveCfg = Release|x64
		{85047443-5FF9-4430-99CF-BD452AE429E9}.Release|x64.Build.0 = Release|x64
		{85047443-5FF9-4430-99CF-BD452AE429E9}.Release|x86.ActiveCfg = Release|Win32
		{85047443-5FF9-4430-99CF-BD452AE429E9}.Release|x86.Build.0 = Release|Win32
		{18D96D40-5FCB-4E8A-864D-F9F1166861DA}.Debug|x64.ActiveCfg = Debug|x64
		{18D96D40-5FCB-4E8A-864D-F9F1166861DA}.Debug|x64.Build.0 = Debug|x64
		{18D96D40-5FCB-4E8A-864D-F9F1166861DA}.Debug|x86.ActiveCfg = Debug|Win32
		{18D96D40-5FCB-4E8A-864D-F9F1166861DA}.Debug|x86.Build.0 = Debug|Win32
		{18D96D40-5FCB-4E8A-864D-F9F1166861DA}.Release|x64.ActiveCfg = Release|x64
		{18D96D40-5FCB-4E8A-864D-F9F1166861DA}.Release|x64.Build.0 = Release|x64
		{18D96D40-5FCB-4E8A-864D-F9F1166861DA}.Release|x86.ActiveCfg = Release|Win32
		{18D96D40-5FCB-4E8A-864D-F9F1166861DA}.Release|x86.Build.0 = Release|Win32
		{7E43020C-42A4-454F-9F39-E8F42F29F1EC}.Debug|x64.ActiveCfg = Debug|x64
		{7E43020C-42A4-454F-9F39-E8F42F29F1EC}.Debug|x64.Build.0 = Debug|x64
		{7E43020C-42A4-454F-9F39-E8F42F29F1EC}.Debug|x86.ActiveCfg = Debug|Win32
		{7E43020C-42A4-454F-9F39-E8F42F29F1EC}.Debug|x86.Build.0 = Debug|Win32
		{7E43020C-42A4-454F-9F39-E8F42F29F1EC}.Release|x64.ActiveCfg = Release|x64
		{7E43020C-42A4-454F-9F39-E8F42F29F1EC}.Release|x64.Build.0 = Release|x64
		{7E43020C-42A4-454F-9F39-E8F42F29F1EC}.Release|x86.ActiveCfg = Release|Win32
		{7E43020C-42A4-454F-9F39-E8F42F29F1EC}.Release|x86.Build.0 = Release|Win32
		{674214A9-04AA-4C31-9769-6C6CDF9F78A8}.Debug|x64.ActiveCfg = Debug|x64
		{674214A9-04AA-4C31-9769-6C6CDF9F78A8}.Debug|x64.Build.0 = Debug|x64
		{674214A9-04AA-4C31-9769-6C6CDF9F78A8}.Debug|x86.ActiveCfg = Debug|Win32
		{674214A9-04AA-4C31-9769-6C6CDF9F78A8}.Debug|x86.Build.0 = Debug|Win32
		{674214A9-04AA-4C31-9769-6C6CDF9F78A8}.Release|x64.ActiveCfg = Release|x64
		{674214A9-04AA-4C31-9769-6C6CDF9F78A8}.Release|x64.Build.0 = Release|x64
		{674214A9-04AA-4C31-9769-6C6CDF9F78A8}.Release|x86.ActiveCfg = Release|Win32
		{674214A9-04AA-4C31-9769-6C6CDF9F78A8}.Release|x86.Build.0 = Release|Win32
		{D48B3CA0-4659-46A3-8722-219FEEF511A4}.Debug|x64.ActiveCfg = Debug|x64
		{D48B3CA0-4659-46A3-8722-219FEEF511A4}.Debug|x64.Build.0 = Debug|x64
		{D48B3CA0-4659-46A3-8722-219FEEF511A4}.Debug|x86.ActiveCfg = Debug|Win32
		{D48B3CA0-4659-46A3-8722-219FEEF511A4}.Debug|x86.Build.0 = Debug|Win32
		{D48B3CA0-4659-46A3-8722-219FEEF511A4}.Release|x64.ActiveCfg = Release|x64
		{D48B3CA0-4659-46A3-8722-219FEEF511A4}.Release|x64.Build.0 = Release|x64
		{D48B3CA0-4659-46A3-8722-219FEEF511A4}.Release|x86.ActiveCfg = Release|Win32
		{D48B3CA0-4659-46A3-8722-219FEEF511A4}.Release|x86.Build.0 = Release|Win32
		{9C1E897B-B7BD-411E-B642-08F82FF63746}.Debug|x64.ActiveCfg = Debug|x64
		{9C1E897B-B7BD-411E-B642-08F82FF63746}.Debug|x64.Build.0 = Debug|x64
		{9C1E897B-B7BD-411E-B642-08F82FF63746}.Debug|x86.ActiveCfg = Debug|Win32
		{9C1E897B-B7BD-411E-B642-08F82FF63746}.Debug|x86.Build.0 = Debug|Win32
		{9C1E897B-B7BD-411E-B642-08F82FF63746}.Release|x64.ActiveCfg = Release|x64
		{9C1E897B-B7BD-411E-B642-08F82FF63746}.Release|x64.Build.0 = Release|x64
		{9C1E897B-B7BD-411E-B642-08F82FF63746}.Release|x86.ActiveCfg = Release|Win32
		{9C1E897B-B7BD-411E-B642-08F82FF63746}.Release|x86.Build.0 = Release|Win32
		{6ED459CD-F230-4A69-902F-644E6C41600B}.Debug|x64.ActiveCfg = Debug|x64
		{6ED459CD-F230-4A69-902F-644E6C41600B}.Debug|x64.Build.0 = Debug|x64
		{6ED459CD-F230-4A69-902F-644E6C41600B}.Debug|x86.ActiveCfg = Debug|Win32
		{6ED459CD-F230-4A69-902F-644E6C41600B}.Debug|x86.Build.0 = Debug|Win32
		{6ED459CD-F230-4A69-902F-644E6C41600B}.Release|x64.ActiveCfg = Release|x64
		{6ED459CD-F230-4A69-902F-644E6C41600B}.Release|x64.Build.0 = Release|x64
		{6ED459CD-F230-4A69-902F-644E6C41600B}.Release|x86.ActiveCfg = Release|Win32
		{6ED459CD-F230-4A69-902F-644E6C41600B}.Release|x86.Build.0 = Release|Win32
		{12AB124B-440C-4ED8-95CE-CEEBB7835801}.Debug|x64.ActiveCfg = Debug|x64
		{12AB124B-440C-4ED8-95CE-CEEBB7835801}.Debug|x64.Build.0 = Debug|x64
		{12AB124B-440C-4ED8-95CE-CEEBB7835801}.Debug|x86.ActiveCfg = Debug|Win32
		{12AB124B-440C-4ED8-95CE-CEEBB7835801}.Debug|x86.Build.0 = Debug|Win32
		{12AB124B-440C-4ED8-95CE-CEEBB7835801}.Release|x64.ActiveCfg = Release|x64
		{12AB124B-440C-4ED8-95CE-CEEBB7835801}.Release|x64.Build.0 = Release|x64
		{12AB124B-440C-4ED8-95CE-CEEBB7835801}.Release|x86.ActiveCfg = Release|Win32
		{12AB124B-440C-4ED8-95CE-CEEBB7835801}.Release|x86.Build.0 = Release|Win32
		{E1FE9390-8679-4F6A-8978-B659178E1E4A}.Debug|x64.ActiveCfg = Debug|x64
		{E1FE9390-8679-4F6A-8978-B659178E1E4A}.Debug|x64.Build.0 = Debug|x64
		{E1FE9390-8679-4F6A-8978-B659178E1E4A}.Debug|x86.ActiveCfg = Debug|Win32
		{E1FE9390-8679-4F6A-8978-B659178E1E4A}.Debug|x86.Build.0 = Debug|Win32
		{E1FE9390-8679-4F6A-8978-B659178E1E4A}.Release|x64.ActiveCfg = Release|x64
		{E1FE9390-8679-4F6A-8978-B659178E1E4A}.Release|x64.Build.0 = Release|x64
		{E1FE9390-8679-4F6A-8978-B659178E1E4A}.Release|x86.ActiveCfg = Release|Win32
		{E1FE9390-8679-4F6A-8978-B659178E1E4A}.Release|x86.Build.0 = Release|Win32
		{E486B262-FFEF-4C2D-A1F5-7E573213B12E}.Debug|x64.ActiveCfg = Debug|x64
		{E486B262-FFEF-4C2D-A1F5-7E573213B12E}.Debug|x64.Build.0 = Debug|x64
		{E486B262-FFEF-4C2D-A1F5-7E573213B12E}.Debug|x86.ActiveCfg = Debug|Win32
		{E486B262-FFEF-4C2D-A1F5-7E573213B12E}.Debug|x86.Build.0 = Debug|Win32
		{E486B262-FFEF-4C2D-A1F5-7E573213B12E}.Release|x64.ActiveCfg = Release|x64
		{E486B262-FFEF-4C2D-A1F5-7E573213B12E}.Release|x64.Build.0 = Release|x64
		{E486B262-FFEF-4C2D-A1F5-7E573213B12E}.Release|x86.ActiveCfg = Release|Win32
		{E486B262-FFEF-4C2D-A1F5-7E573213B12E}.Release|x86.Build.0 = Release|Win32
		{71A59C6E-B838-4886-B431-89E568B54887}.Debug|x64.ActiveCfg = Debug|x64
		{71A59C6E-B838-4886-B431-89E568B54887}.Debug|x64.Build.0 = Debug|x64
		{71A59C6E-B838-4886-B431-89E568B54887}.Debug|x86.ActiveCfg = Debug|Win32
		{71A59C6E-B838-4886-B431-89E568B54887}.Debug|x86.Build.0 = Debug|Win32
		{71A59C6E-B838-4886-B431-89E568B54887}.Release|x64.ActiveCfg = Release|x64
		{71A59C6E-B838-4886-B431-89E568B54887}.Release|x64.Build.0 = Release|x64
		{71A59C6E-B838-4886-B431-89E568B54887}.Release|x86.ActiveCfg = Release|Win32
		{71A59C6E-B838-4886-B431-89E568B54887}.Release|x86.Build.0 = Release|Win32
		{60FF3C92-3D9D-42C9-902F-DED16D9E44C6}.Debug|x64.ActiveCfg = Debug|x64
		{60FF3C92-3D9D-42C9-902F-DED16D9E44C6}.Debug|x64.Build.0 = Debug|x64
		{60FF3C92-3D9D-42C9-902F-DED16D9E44C6}.Debug|x86.ActiveCfg = Debug|Win32
		{60FF3C92-3D9D-42C9-902F-DED16D9E44C6}.Debug|x86.Build.0 = Debug|Win32
		{60FF3C92-3D9D-42C9-902F-DED16D9E44C6}.Release|x64.ActiveCfg = Release|x64
		{60FF3C92-3D9D-42C9-902F-DED16D9E44C6}.Release|x64.Build.0 = Release|x64
		{60FF3C92-3D9D-42C9-902F-DED16D9E44C6}.Release|x86.ActiveCfg = Release|Win32
		{60FF3C92-3D9D-42C9-902F-DED16D9E44C6}.Release|x86.Build.0 = Release|Win32
		{B4FDD3CC-E2C6-459E-BB77-DCAF88BD52E3}.Debug|x64.ActiveCfg = Debug|x64
		{B4FDD3CC-E2C6-459E-BB77-DCAF88BD52E3}.Debug|x64.Build.0 = Debug|x64
		{B4FDD3CC-E2C6-459E-BB77-DCAF88BD52E3}.Debug|x86.ActiveCfg = Debug|Win32
		{B4FDD3CC-E2C6-459E-BB77-DCAF88BD52E3}.Debug|x86.Build.0 = Debug|Win32
		{B4FDD3CC-E2C6-459E-BB77-DCAF88BD52E3}.Release|x64.ActiveCfg = Release|x64
		{B4FDD3CC-E2C6-459E-BB77-DCAF88BD52E3}.Release|x64.Build.0 = Release|x64
		{B4FDD3CC-E2C6-459E-BB77-DCAF88BD52E3}.Release|x86.ActiveCfg = Release|Win32
		{B4FDD3CC-E2C6-459E-BB77-DCAF88BD52E3}.Release|x86.Build.0 = Release|Win32
		{2DD17543-1C99-455A-8743-93E6B4BCC358}.Debug|x64.ActiveCfg = Debug|x64
		{2DD17543-1C99-455A-8743-93E6B4BCC358}.Debug|x64.Build.0 = Debug|x64
		{2DD17543-1C99-455A-8743-93E6B4BCC358}.Debug|x86.ActiveCfg = Debug|Win32
		{2DD17543-1C99-455A-8743-93E6B4BCC358}.Debug|x86.Build.0 = Debug|Win32
		{2DD17543-1C99-455A-8743-93E6B4BCC358}.Release|x64.ActiveCfg = Release|x64
		{2DD17543-1C99-455A-8743-93E6B4BCC358}.Release|x64.Build.0 = Release|x64
		{2DD17543-1C99-455A-8743-93E6B4BCC358}.Release|x86.ActiveCfg = Release|Win32
		{2DD17543-1C99-455A-8743-93E6B4BCC358}.Release|x86.Build.0 = Release|Win32
		{4CB0D494-2D7C-4306-A415-370F74709E2D}.Debug|x64.ActiveCfg = Debug|x64
		{4CB0D494-2D7C-4306-A415-370F74709E2D}.Debug|x64.Build.0 = Debug|x64
		{4CB0D494-2D7C-4306-A415-370F74709E2D}.Debug|x86.ActiveCfg = Debug|Win32
		{4CB0D494-2D7C-4306-A415-370F74709E2D}.Debug|x86.Build.0 = Debug|Win32
		{4CB0D494-2D7C-4306-A415-370F74709E2D}.Release|x64.ActiveCfg = Release|x64
		{4CB0D494-2D7C-4306-A415-370F74709E2D}.Release|x64.Build.0 = Release|x64
		{4CB0D494-2D7C-4306-A415-370F74709E2D}.Release|x86.ActiveCfg = Release|Win32
		{4CB0D494-2D7C-4306-A415-370F74709E2D}.Release|x86.Build.0 = Release|Win32
		{6B869132-36C5-45A0-A717-37337041A2A2}.Debug|x64.ActiveCfg = Debug|x64
		{6B869132-36C5-45A0-A717-37337041A2A2}.Debug|x64.Build.0 = Debug|x64
		{6B869132-36C5-45A0-A717-37337041A2A2}.Debug|x86.ActiveCfg = Debug|Win32
		{6B869132-36C5-45A0-A717-37337041A2A2}.Debug|x86.Build.0 = Debug|Win32
		{6B869132-36C5-45A0-A717-37337041A2A2}.Release|x64.ActiveCfg = Release|x64
		{6B869132-36C5-45A0-A717-37337041A2A2}.Release|x64.Build.0 = Release|x64
		{6B869132-36C5-45A0-A717-37337041A2A2}.Release|x86.ActiveCfg = Release|Win32
		{6B869132-36C5-45A0-A717-37337041A2A2}.Release|x86.Build.0 = Release|Win32
		{BD742365-E57C-4537-8337-5CA5656B830B}.Debug|x64.ActiveCfg = Debug|x64
		{BD742365-E57C-4537-8337-5CA5656B830B}.Debug|x64.Build.0 = Debug|x64
		{BD742365-E57C-4537-8337-5CA5656B830B}.Debug|x86.ActiveCfg = Debug|Win32
		{BD742365-E57C-4537-8337-5CA5656B830B}.Debug|x86.Build.0 = Debug|Win32
		{BD742365-E57C-4537-8337-5CA5656B830B}.Release|x64.ActiveCfg = Release|x64
		{BD742365-E57C-4537-8337-5CA5656B830B}.Release|x64.Build.0 = Release|x64
		{BD742365-E57C-4537-8337-5CA5656B830B}.Release|x86.ActiveCfg = Release|Win32
		{BD742365-E57C-4537-8337-5CA5656B830B}.Release|x86.Build.0 = Release|Win32
		{B3754F03-2F20-48AF-9AE8-25C2584C5267}.Debug|x64.ActiveCfg = Debug|x64
		{B3754F03-2F20-48AF-9AE8-25C2584C5267}.Debug|x64.Build.0 = Debug|x64
		{B3754F03-2F20-48AF-9AE8-25C2584C5267}.Debug|x86.ActiveCfg = Debug|Win32
		{B3754F03-2F20-48AF-9AE8-25C2584C5267}.Debug|x86.Build.0 = Debug|Win32
		{B3754F03-2F20-48AF-9AE8-25C2584C5267}.Release|x64.ActiveCfg = Release|x64
		{B3754F03-2F20-48AF-9AE8-25C2584C5267}.Release|x64.Build.0 = Release|x64
		{B3754F03-2F20-48AF-9AE8-25C2584C5267}.Release|x86.ActiveCfg = Release|Win32
		{B3754F03-2F20-48AF-9AE8-25C2584C5267}.Release|x86.Build.0 = Release|Win32
		{B9D9C0B9-EDE7-44BF-8726-19E518FC7380}.Debug|x64.ActiveCfg = Debug|x64
		{B9D9C0B9-EDE7-44BF-8726-19E518FC7380}.Debug|x64.Build.0 = Debug|x64
		{B9D9C0B9-EDE7-44BF-8726-19E518FC7380}.Debug|x86.ActiveCfg = Debug|Win32
		{B9D9C0B9-EDE7-44BF-8726-19E518FC7380}.Debug|x86.Build.0 = Debug|Win32
		{B9D9C0B9-EDE7-44BF-8726-19E518FC7380}.Release|x64.ActiveCfg = Release|x64
		{B9D9C0B9-EDE7-44BF-8726-19E518FC7380}.Release|x64.Build.0 = Release|x64
		{B9D9C0B9-EDE7-44BF-8726-19E518FC7380}.Release|x86.ActiveCfg = Release|Win32
		{B9D9C0B9-EDE7-44BF-8726-19E518FC7380}.Release|x86.Build.0 = Release|Win32
		{F6E6B5BD-DA7D-43E4-9307-DD6D1E7F865A}.Debug|x64.ActiveCfg = Debug|x64
		{F6E6B5BD-DA7D-43E4-9307-DD6D1E7F865A}.Debug|x64.Build.0 = Debug|x64
		{F6E6B5BD-DA7D-43E4-9307-DD6D1E7F865A}.Debug|x86.ActiveCfg = Debug|Win32
		{F6E6B5BD-DA7D-43E4-9307-DD6D1E7F865A}.Debug|x86.Build.0 = Debug|Win32
		{F6E6B5BD-DA7D-43E4-9307-DD6D1E7F865A}.Release|x64.ActiveCfg = Release|x64
		{F6E6B5BD-DA7D-43E4-9307-DD6D1E7F865A}.Release|x64.Build.0 = Release|x64
		{F6E6B5BD-DA7D-43E4-9307-DD6D1E7F865A}.Release|x86.ActiveCfg = Release|Win32
		{F6E6B5BD-DA7D-43E4-9307-DD6D1E7F865A}.Release|x86.Build.0 = Release|Win32
		{5FC6BDB5-3F33-410A-A518-5134E2656D49}.Debug|x64.ActiveCfg = Debug|x64
		{5FC6BDB5-3F33-410A-A518-5134E2656D49}.Debug|x64.Build.0 = Debug|x64
		{5FC6BDB5-3F33-410A-A518-5134E2656D49}.Debug|x86.ActiveCfg = Debug|Win32
		{5FC6BDB5-3F33-410A-A518-5134E2656D49}.Debug|x86.Build.0 = Debug|Win32
		{5FC6BDB5-3F33-410A-A518-5134E2656D49}.Release|x64.ActiveCfg = Release|x64
		{5FC6BDB5-3F33-410A-A518-5134E2656D49}.Release|x64.Build.0 = Release|x64
		{5FC6BDB5-3F33-410A-A518-5134E2656D49}.Release|x86.ActiveCfg = Release|Win32
		{5FC6BDB5-3F33-410A-A518-5134E2656D49}.Release|x86.Build.0 = Release|Win32
		{3535B43F-8455-4FB8-9EC8-472AD5963283}.Debug|x64.ActiveCfg = Debug|x64
		{3535B43F-8455-4FB8-9EC8-472AD5963283}.Debug|x64.Build.0 = Debug|x64
		{3535B43F-8455-4FB8-9EC8-472AD5963283}.Debug|x86.ActiveCfg = Debug|Win32
		{3535B43F-8455-4FB8-9EC8-472AD5963283}.Debug|x86.Build.0 = Debug|Win32
		{3535B43F-8455-4FB8-9EC8-472AD5963283}.Release|x64.ActiveCfg = Release|x64
		{3535B43F-8455-4FB8-9EC8-472AD5963283}.Release|x64.Build.0 = Release|x64
		{3535B43F-8455-4FB8-9EC8-472AD5963283}.Release|x86.ActiveCfg = Release|Win32
		{3535B43F-8455-4FB8-9EC8-472AD5963283}.Release|x86.Build.0 = Release|Win32
		{73DFE8BD-EB3A-46F9-8E27-AE66D7F52F67}.Debug|x64.ActiveCfg = Debug|x64
		{73DFE8BD-EB3A-46F9-8E27-AE66D7F52F67}.Debug|x64.Build.0 = Debug|x64
		{73DFE8BD-EB3A-46F9-8E27-AE66D7F52F67}.Debug|x86.ActiveCfg = Debug|Win32
		{73DFE8BD-EB3A-46F9-8E27-AE66D7F52F67}.Debug|x86.Build.0 = Debug|Win32
		{73DFE8BD-EB3A-46F9-8E27-AE66D7F52F67}.Release|x64.ActiveCfg = Release|x64
		{73DFE8BD-EB3A-46F9-8E27-AE66D7F52F67}.Release|x64.Build.0 = Release|x64
		{73DFE8BD-EB3A-46F9-8E27-AE66D7F52F67}.Release|x86.ActiveCfg = Release|Win32
		{73DFE8BD-EB3A-46F9-8E27-AE66D7F52F67}.Release|x86.Build.0 = Release|Win32
		{49B1BA57-00FE-40EA-961C-129CE04AE731}.Debug|x64.ActiveCfg = Debug|x64
		{49B1BA57-00FE-40EA-961C-129CE04AE731}.Debug|x64.Build.0 = Debug|x64
		{49B1BA57-00FE-40EA-961C-129CE04AE731}.Debug|x86.ActiveCfg = Debug|Win32
		{49B1BA57-00FE-40EA-961C-129CE04AE731}.Debug|x86.Build.0 = Debug|Win32
		{49B1BA57-00FE-40EA-961C-129CE04AE731}.Release|x64.ActiveCfg = Release|x64
		{49B1BA57-00FE-40EA-961C-129CE04AE731}.Release|x64.Build.0 = Release|x64
		{49B1BA57-00FE-40EA-961C-129CE04AE731}.Release|x86.ActiveCfg = Release|Win32
		{49B1BA57-00FE-40EA-961C-129CE04AE731}.Release|x86.Build.0 = Release|Win32
		{70B90D1E-8DBF-4800-A937-6CA82AD8F03F}.Debug|x64.ActiveCfg = Debug|x64
		{70B90D1E-8DBF-4800-A937-6CA82AD8F03F}.Debug|x64.Build.0 = Debug|x64
		{70B90D1E-8DBF-4800-A937-6CA82AD8F03F}.Debug|x86.ActiveCfg = Debug|Win32
		{70B90D1E-8DBF-4800-A937-6CA82AD8F03F}.Debug|x86.Build.0 = Debug|Win32
		{70B90D1E-8DBF-4800-A937-6CA82AD8F03F}.Release|x64.ActiveCfg = Release|x64
		{70B90D1E-8DBF-4800-A937-6CA82AD8F03F}.Release|x64.Build.0 = Release|x64
		{70B90D1E-8DBF-4800-A937-6CA82AD8F03F}.Release|x86.ActiveCfg = Release|Win32
		{70B90D1E-8DBF-4800-A937-6CA82AD8F03F}.Release|x86.Build.0 = Release|Win32
		{746F7EB8-65A8-484D-A8B5-E5641A69E5AD}.Debug|x64.ActiveCfg = Debug|x64
		{746F7EB8-65A8-484D-A8B5-E5641A69E5AD}.Debug|x64.Build.0 = Debug|x64
		{746F7EB8-65A8-484D-A8B5-E5641A69E5AD}.Debug|x86.ActiveCfg = Debug|Win32
		{746F7EB8-65A8-484D-A8B5-E5641A69E5AD}.Debug|x86.Build.0 = Debug|Win32
		{746F7EB8-65A8-484D-A8B5-E5641A69E5AD}.Release|x64.ActiveCfg = Release|x64
		{746F7EB8-65A8-484D-A8B5-E5641A69E5AD}.Release|x64.Build.0 = Release|x64
		{746F7EB8-65A8-484D-A8B5-E5641A69E5AD}.Release|x86.ActiveCfg = Release|Win32
		{746F7EB8-65A8-484D-A8B5-E5641A69E5AD}.Release|x86.Build.0 = Release|Win32
		{D5808BC8-42A2-4186-8FA5-7E00962F6C02}.Debug|x64.ActiveCfg = Debug|x64
		{D5808BC8-42A2-4186-8FA5-7E00962F6C02}.Debug|x64.Build.0 = Debug|x64
		{D5808BC8-42A2-4186-8FA5-7E00962F6C02}.Debug|x86.ActiveCfg = Debug|Win32
		{D5808BC8-42A2-4186-8FA5-7E00962F6C02}.Debug|x86.Build.0 = Debug|Win32
		{D5808BC8-42A2-4186-8FA5-7E00962F6C02}.Release|x64.ActiveCfg = Release|x64
		{D5808BC8-42A2-4186-8FA5-7E00962F6C02}.Release|x64.Build.0 = Release|x64
		{D5808BC8-42A2-4186-8FA5-7E00962F6C02}.Release|x86.ActiveCfg = Release|Win32
		{D5808BC8-42A2-4186-8FA5-7E00962F6C02}.Release|x86.Build.0 = Release|Win32
		{23A7BC70-9F60-432A-B40E-12ABF6A3D628}.Debug|x64.ActiveCfg = Debug|x64
		{23A7BC70-9F60-432A-B40E-12ABF6A3D628}.Debug|x64.Build.0 = Debug|x64
		{23A7BC70-9F60-432A-B40E-12ABF6A3D628}.Debug|x86.ActiveCfg = Debug|Win32
		{23A7BC70-9F60-432A-B40E-12ABF6A3D628}.Debug|x86.Build.0 = Debug|Win32
		{23A7BC70-9F60-432A-B40E-12ABF6A3D628}.Release|x64.ActiveCfg = Release|x64
		{23A7BC70-9F60-432A-B40E-12ABF6A3D628}.Release|x64.Build.0 = Release|x64
		{23A7BC70-9F60-432A-B40E-12ABF6A3D628}.Release|x86.ActiveCfg = Release|Win32
		{23A7BC70-9F60-432A-B40E-12ABF6A3D628}.Release|x86.Build.0 = Release|Win32
		{635D6D74-FF75-4234-A215-9A1FF3A17F0A}.Debug|x64.ActiveCfg = Debug|x64
		{635D6D74-FF75-4234-A215-9A1FF3A17F0A}.Debug|x64.Build.0 = Debug|x64
		{635D6D74-FF75-4234-A215-9A1FF3A17F0A}.Debug|x86.ActiveCfg = Debug|Win32
		{635D6D74-FF75-4234-A215-9A1FF3A17F0A}.Debug|x86.Build.0 = Debug|Win32
		{635D6D74-FF75-4234-A215-9A1FF3A17F0A}.Release|x64.ActiveCfg = Release|x64
		{635D6D74-FF75-4234-A215-9A1FF3A17F0A}.Release|x64.Build.0 = Release|x64
		{635D6D74-FF75-4234-A215-9A1FF3A17F0A}.Release|x86.ActiveCfg = Release|Win32
		{635D6D74-FF75-4234-A215-9A1FF3A17F0A}.Release|x86.Build.0 = Release|Win32
		{F8B48D64-78ED-45A3-B85F-14FCDAE8EF54}.Debug|x64.ActiveCfg = Debug|x64
		{F8B48D64-78ED-45A3-B85F-14FCDAE8EF54}.Debug|x64.Build.0 = Debug|x64
		{F8B48D64-78ED-45A3-B85F-14FCDAE8EF54}.Debug|x86.ActiveCfg = Debug|Win32
		{F8B48D64-78ED-45A3-B85F-14FCDAE8EF54}.Debug|x86.Build.0 = Debug|Win32
		{F8B48D64-78ED-45A3-B85F-14FCDAE8EF54}.Release|x64.ActiveCfg = Release|x64
		{F8B48D64-78ED-45A3-B85F-14FCDAE8EF54}.Release|x64.Build.0 = Release|x64
		{F8B48D64-78ED-45A3-B85F-14FCDAE8EF54}.Release|x86.ActiveCfg = Release|Win32
		{F8B48D64-78ED-45A3-B85F-14FCDAE8EF54}.Release|x86.Build.0 = Release|Win32
		{A453D6D6-C7DD-4843-80FA-84AA092B102A}.Debug|x64.ActiveCfg = Debug|x64
		{A453D6D6-C7DD-4843-80FA-84AA092B102A}.Debug|x64.Build.0 = Debug|x64
		{A453D6D6-C7DD-4843-80FA-84AA092B102A}.Debug|x86.ActiveCfg = Debug|Win32
		{A453D6D6-C7DD-4843-80FA-84AA092B102A}.Debug|x86.Build.0 = Debug|Win32
		{A453D6D6-C7DD-4843-80FA-84AA092B102A}.Release|x64.ActiveCfg = Release|x64
		{A453D6D6-C7DD-4843-80FA-84AA092B102A}.Release|x64.Build.0 = Release|x64
		{A453D6D6-C7DD-4843-80FA-84AA092B102A}.Release|x86.ActiveCfg = Release|Win32
		{A453D6D6-C7DD-4843-80FA-84AA092B102A}.Release|x86.Build.0 = Release|Win32
		{7726E21F-1AB3-45C2-BA32-6FDE29C87F6F}.Debug|x64.ActiveCfg = Debug|x64
		{7726E21F-1AB3-45C2-BA32-6FDE29C87F6F}.Debug|x64.Build.0 = Debug|x64
		{7726E21F-1AB3-45C2-BA32-6FDE29C87F6F}.Debug|x86.ActiveCfg = Debug|Win32
		{7726E21F-1AB3-45C2-BA32-6FDE29C87F6F}.Debug|x86.Build.0 = Debug|Win32
		{7726E21F-1AB3-45C2-BA32-6FDE29C87F6F}.Release|x64.ActiveCfg = Release|x64
		{7726E21F-1AB3-45C2-BA32-6FDE29C87F6F}.Release|x64.Build.0 = Release|x64
		{7726E21F-1AB3-45C2-BA32-6FDE29C87F6F}.Release|x86.ActiveCfg = Release|Win32
		{7726E21F-1AB3-45C2-BA32-6FDE29C87F6F}.Release|x86.Build.0 = Release|Win32
		{6FC18459-261A-461E-BABE-A56A997E4D75}.Debug|x64.ActiveCfg = Debug|x64
		{6FC18459-261A-461E-BABE-A56A997E4D75}.Debug|x64.Build.0 = Debug|x64
		{6FC18459-261A-461E-BABE-A56A997E4D75}.Debug|x86.ActiveCfg = Debug|Win32
		{6FC18459-261A-461E-BABE-A56A997E4D75}.Debug|x86.Build.0 = Debug|Win32
		{6FC18459-261A-461E-BABE-A56A997E4D75}.Release|x64.ActiveCfg = Release|x64
		{6FC18459-261A-461E-BABE-A56A997E4D75}.Release|x64.Build.0 = Release|x64
		{6FC18459-261A-461E-BABE-A56A997E4D75}.Release|x86.ActiveCfg = Release|Win32
		{6FC18459-261A-461E-BABE-A56A997E4D75}.Release|x86.Build.0 = Release|Win32
		{C7098C29-7E61-481A-92F6-D2B0F96351DC}.Debug|x64.ActiveCfg = Debug|x64
		{C7098C29-7E61-481A-92F6-D2B0F96351DC}.Debug|x64.Build.0 = Debug|x64
		{C7098C29-7E61-481A-92F6-D2B0F96351DC}.Debug|x86.ActiveCfg = Debug|Win32
		{C7098C29-7E61-481A-92F6-D2B0F96351DC}.Debug|x86.Build.0 = Debug|Win32
		{C7098C29-7E61-481A-92F6-D2B0F96351DC}.Release|x64.ActiveCfg = Release|x64
		{C7098C29-7E61-481A-92F6-D2B0F96351DC}.Release|x64.Build.0 = Release|x64
		{C7098C29-7E61-481A-92F6-D2B0F96351DC}.Release|x86.ActiveCfg = Release|Win32
		{C7098C29-7E61-481A-92F6-D2B0F96351DC}.Release|x86.Build.0 = Release|Win32
		{5A2FB6BA-CC2B-41E4-A1A4-6582D78C60A6}.Debug|x64.ActiveCfg = Debug|x64
		{5A2FB6BA-CC2B-41E4-A1A4-6582D78C60A6}.Debug|x64.Build.0 = Debug|x64
		{5A2FB6BA-CC2B-41E4-A1A4-6582D78C60A6}.Debug|x86.ActiveCfg = Debug|Win32
		{5A2FB6BA-CC2B-41E4-A1A4-6582D78C60A6}.Debug|x86.Build.0 = Debug|Win32
		{5A2FB6BA-CC2B-41E4-A1A4-6582D78C60A6}.Release|x64.ActiveCfg = Release|x64
		{5A2FB6BA-CC2B-41E4-A1A4-6582D78C60A6}.Release|x64.Build.0 = Release|x64
		{5A2FB6BA-CC2B-41E4-A1A4-6582D78C60A6}.Release|x86.ActiveCfg = Release|Win32
		{5A2FB6BA-CC2B-41E4-A1A4-6582D78C60A6}.Release|x86.Build.0 = Release|Win32
		{395FA14C-EBC9-4740-9A35-51733B6F2FE5}.Debug|x64.ActiveCfg = Debug|x64
		{395FA14C-EBC9-4740-9A35-51733B6F2FE5}.Debug|x64.Build.0 = Debug|x64
		{395FA14C-EBC9-4740-9A35-51733B6F2FE5}.Debug|x86.ActiveCfg = Debug|Win32
		{395FA14C-EBC9-4740-9A35-51733B6F2FE5}.Debug|x86.Build.0 = Debug|Win32
		{395FA14C-EBC9-4740-9A35-51733B6F2FE5}.Release|x64.ActiveCfg = Release|x64
		{395FA14C-EBC9-4740-9A35-51733B6F2FE5}.Release|x64.Build.0 = Release|x64
		{395FA14C-EBC9-4740-9A35-51733B6F2FE5}.Release|x86.ActiveCfg = Release|Win32
		{395FA14C-EBC9-4740-9A35-51733B6F2FE5}.Release|x86.Build.0 = Release|Win32
		{6FE6E29D-772D-4605-944F-08E0A724A408}.Debug|x64.ActiveCfg = Debug|x64
		{6FE6E29D-772D-4605-944F-08E0A724A408}.Debug|x64.Build.0 = Debug|x64
		{6FE6E29D-772D-4605-944F-08E0A724A408}.Debug|x86.ActiveCfg = Debug|Win32
		{6FE6E29D-772D-4605-944F-08E0A724A408}.Debug|x86.Build.0 = Debug|Win32
		{6FE6E29D-772D-4605-944F-08E0A724A408}.Release|x64.ActiveCfg = Release|x64
		{6FE6E29D-772D-4605-944F-08E0A724A408}.Release|x64.Build.0 = Release|x64
		{6FE6E29D-772D-4605-944F-08E0A724A408}.Release|x86.ActiveCfg = Release|Win32
		{6FE6E29D-772D-4605-944F-08E0A724A408}.Release|x86.Build.0 = Release|Win32
		{FFF56AA1-D0C4-4F27-97FE-474CD3F119AD}.Debug|x64.ActiveCfg = Debug|x64
		{FFF56AA1-D0C4-4F27-97FE-474CD3F119AD}.Debug|x64.Build.0 = Debug|x64
		{FFF56AA1-D0C4-4F27-97FE-474CD3F119AD}.Debug|x86.ActiveCfg = Debug|Win32
		{FFF56AA1-D0C4-4F27-97FE-474CD3F119AD}.Debug|x86.Build.0 = Debug|Win32
		{FFF56AA1-D0C4-4F27-97FE-474CD3F119AD}.Release|x64.ActiveCfg = Release|x64
		{FFF56AA1-D0C4-4F27-97FE-474CD3F119AD}.Release|x64.Build.0 = Release|x64
		{FFF56AA1-D0C4-4F27-97FE-474CD3F119AD}.Release|x86.ActiveCfg = Release|Win32
		{FFF56AA1-D0C4-4F27-97FE-474CD3F119AD}.Release|x86.Build.0 = Release|Win32
		{A8002275-36CA-4BF3-BC66-8331F0114675}.Debug|x64.ActiveCfg = Debug|x64
		{A8002275-36CA-4BF3-BC66-8331F0114675}.Debug|x64.Build.0 = Debug|x64
		{A8002275-36CA-4BF3-BC66-8331F0114675}.Debug|x86.ActiveCfg = Debug|Win32
		{A8002275-36CA-4BF3-BC66-8331F0114675}.Debug|x86.Build.0 = Debug|Win32
		{A8002275-36CA-4BF3-BC66-8331F0114675}.Release|x64.ActiveCfg = Release|x64
		{A8002275-36CA-4BF3-BC66-8331F0114675}.Release|x64.Build.0 = Release|x64
		{A8002275-36CA-4BF3-BC66-8331F0114675}.Release|x86.ActiveCfg = Release|Win32
		{A8002275-36CA-4BF3-BC66-8331F0114675}.Release|x86.Build.0 = Release|Win32
		{B41B929D-5913-4112-882E-1F2C4F0D25F9}.Debug|x64.ActiveCfg = Debug|x64
		{B41B929D-5913-4112-882E-1F2C4F0D25F9}.Debug|x64.Build.0 = Debug|x64
		{B41B929D-5913-4112-882E-1F2C4F0D25F9}.Debug|x86.ActiveCfg = Debug|Win32
		{B41B929D-5913-4112-882E-1F2C4F0D25F9}.Debug|x86.Build.0 = Debug|Win32
		{B41B929D-5913-4112-882E-1F2C4F0D25F9}.Release|x64.ActiveCfg = Release|x64
		{B41B929D-5913-4112-882E-1F2C4F0D25F9}.Release|x64.Build.0 = Release|x64
		{B41B929D-5913-4112-882E-1F2C4F0D25F9}.Release|x86.ActiveCfg = Release|Win32
		{B41B929D-5913-4112-882E-1F2C4F0D25F9}.Release|x86.Build.0 = Release|Win32
		{AE68E2A1-D3BE-4370-AD43-49219E0F9431}.Debug|x64.ActiveCfg = Debug|x64
		{AE68E2A1-D3BE-4370-AD43-49219E0F9431}.Debug|x64.Build.0 = Debug|x64
		{AE68E2A1-D3BE-4370-AD43-49219E0F9431}.Debug|x86.ActiveCfg = Debug|Win32
		{AE68E2A1-D3BE-4370-AD43-49219E0F9431}.Debug|x86.Build.0 = Debug|Win32
		{AE68E2A1-D3BE-4370-AD43-49219E0F9431}.Release|x64.ActiveCfg = Release|x64
		{AE68E2A1-D3BE-4370-AD43-49219E0F9431}.Release|x64.Build.0 = Release|x64
		{AE68E2A1-D3BE-4370-AD43-49219E0F9431}.Release|x86.ActiveCfg = Release|Win32
		{AE68E2A1-D3BE-4370-AD43-49219E0F9431}.Release|x86.Build.0 = Release|Win32
		{ADAB9803-CB9F-426B-9A6F-B8D6A1FD2B4F}.Debug|x64.ActiveCfg = Debug|x64
		{ADAB9803-CB9F-426B-9A6F-B8D6A1FD2B4F}.Debug|x64.Build.0 = Debug|x64
		{ADAB9803-CB9F-426B-9A6F-B8D6A1FD2B4F}.Debug|x86.ActiveCfg = Debug|Win32
		{ADAB9803-CB9F-426B-9A6F-B8D6A1FD2B4F}.Debug|x86.Build.0 = Debug|Win32
		{ADAB9803-CB9F-426B-9A6F-B8D6A1FD2B4F}.Release|x64.ActiveCfg = Release|x64
		{ADAB9803-CB9F-426B-9A6F-B8D6A1FD2B4F}.Release|x64.Build.0 = Release|x64
		{ADAB9803-CB9F-426B-9A6F-B8D6A1FD2B4F}.Release|x86.ActiveCfg = Release|Win32
		{ADAB9803-CB9F-426B-9A6F-B8D6A1FD2B4F}.Release|x86.Build.0 = Release|Win32
		{773C3A39-92D4-420C-86E2-1E8AC33D2009}.Debug|x64.ActiveCfg = Debug|x64
		{773C3A39-92D4-420C-86E2-1E8AC33D2009}.Debug|x64.Build.0 = Debug|x64
		{773C3A39-92D4-420C-86E2-1E8AC33D2009}.Debug|x86.ActiveCfg = Debug|Win32
		{773C3A39-92D4-420C-86E2-1E8AC33D2009}.Debug|x86.Build.0 = Debug|Win32
		{773C3A39-92D4-420C-86E2-1E8AC33D2009}.Release|x64.ActiveCfg = Release|x64
		{773C3A39-92D4-420C-86E2-1E8AC33D2009}.Release|x64.Build.0 = Release|x64
		{773C3A39-92D4-420C-86E2-1E8AC33D2009}.Release|x86.ActiveCfg = Release|Win32
		{773C3A39-92D4-420C-86E2-1E8AC33D2009}.Release|x86.Build.0 = Release|Win32
		{22C06E34-11ED-4892-A1DE-B74715A98F24}.Debug|x64.ActiveCfg = Debug|x64
		{22C06E34-11ED-4892-A1DE-B74715A98F24}.Debug|x64.Build.0 = Debug|x64
		{22C06E34-11ED-4892-A1DE-B74715A98F24}.Debug|x86.ActiveCfg = Debug|Win32
		{22C06E34-11ED-4892-A1DE-B74715A98F24}.Debug|x86.Build.0 = Debug|Win32
		{22C06E34-11ED-4892-A1DE-B74715A98F24}.Release|x64.ActiveCfg = Release|x64
		{22C06E34-11ED-4892-A1DE-B74715A98F24}.Release|x64.Build.0 = Release|x64
		{22C06E34-11ED-4892-A1DE-B74715A98F24}.Release|x86.ActiveCfg = Release|Win32
		{22C06E34-11ED-4892-A1DE-B74715A98F24}.Release|x86.Build.0 = Release|Win32
		{A859D4A5-0894-4A16-9DA6-80482B8B4491}.Debug|x64.ActiveCfg = Debug|x64
		{A859D4A5-0894-4A16-9DA6-80482B8B4491}.Debug|x64.Build.0 = Debug|x64
		{A859D4A5-0894-4A16-9DA6-80482B8B4491}.Debug|x86.ActiveCfg = Debug|Win32
		{A859D4A5-0894-4A16-9DA6-80482B8B4491}.Debug|x86.Build.0 = Debug|Win32
		{A859D4A5-0894-4A16-9DA6-80482B8B4491}.Release|x64.ActiveCfg = Release|x64
		{A859D4A5-0894-4A16-9DA6-80482B8B4491}.Release|x64.Build.0 = Release|x64
		{A859D4A5-0894-4A16-9DA6-80482B8B4491}.Release|x86.ActiveCfg = Release|Win32
		{A859D4A5-0894-4A16-9DA6-80482B8B4491}.Release|x86.Build.0 = Release|Win32
		{506757C3-3D00-45AD-BC1F-6622CBFC636A}.Debug|x64.ActiveCfg = Debug|x64
		{506757C3-3D00-45AD-BC1F-6622CBFC636A}.Debug|x64.Build.0 = Debug|x64
		{506757C3-3D00-45AD-BC1F-6622CBFC636A}.Debug|x86.ActiveCfg = Debug|Win32
		{506757C3-3D00-45AD-BC1F-6622CBFC636A}.Debug|x86.Build.0 = Debug|Win32
		{506757C3-3D00-45AD-BC1F-6622CBFC636A}.Release|x64.ActiveCfg = Release|x64
		{506757C3-3D00-45AD-BC1F-6622CBFC636A}.Release|x64.Build.0 = Release|x64
		{506757C3-3D00-45AD-BC1F-6622CBFC636A}.Release|x86.ActiveCfg = Release|Win32
		{506757C3-3D00-45AD-BC1F-6622CBFC636A}.Release|x86.Build.0 = Release|Win32
		{D801D0DF-C523-4B98-85C2-1CF6E3E6ECD8}.Debug|x64.ActiveCfg = Debug|x64
		{D801D0DF-C523-4B98-85C2-1CF6E3E6ECD8}.Debug|x64.Build.0 = Debug|x64
		{D801D0DF-C523-4B98-85C2-1CF6E3E6ECD8}.Debug|x86.ActiveCfg = Debug|Win32
		{D801D0DF-C523-4B98-85C2-1CF6E3E6ECD8}.Debug|x86.Build.0 = Debug|Win32
		{D801D0DF-C523-4B98-85C2-1CF6E3E6ECD8}.Release|x64.ActiveCfg = Release|x64
		{D801D0DF-C523-4B98-85C2-1CF6E3E6ECD8}.Release|x64.Build.0 = Release|x64
		{D801D0DF-C523-4B98-85C2-1CF6E3E6ECD8}.Release|x86.ActiveCfg = Release|Win32
		{D801D0DF-C523-4B98-85C2-1CF6E3E6ECD8}.Release|x86.Build.0 = Release|Win32
		{6F91D818-349D-4441-A73F-B57A363219A8}.Debug|x64.ActiveCfg = Debug|x64
		{6F91D818-349D-4441-A73F-B57A363219A8}.Debug|x64.Build.0 = Debug|x64
		{6F91D818-349D-4441-A73F-B57A363219A8}.Debug|x86.ActiveCfg = Debug|Win32
		{6F91D818-349D-4441-A73F-B57A363219A8}.Debug|x86.Build.0 = Debug|Win32
		{6F91D818-349D-4441-A73F-B57A363219A8}.Release|x64.ActiveCfg = Release|x64
		{6F91D818-349D-4441-A73F-B57A363219A8}.Release|x64.Build.0 = Release|x64
		{6F91D818-349D-4441-A73F-B57A363219A8}.Release|x86.ActiveCfg = Release|Win32
		{6F91D818-349D-4441-A73F-B57A363219A8}.Release|x86.Build.0 = Release|Win32
		{A3AA01D1-B8D0-45FB-955D-5854543AC29A}.Debug|x64.ActiveCfg = Debug|x64
		{A3AA01D1-B8D0-45FB-955D-5854543AC29A}.Debug|x64.Build.0 = Debug|x64
		{A3AA01D1-B8D0-45FB-955D-5854543AC29A}.Debug|x86.ActiveCfg = Debug|Win32
		{A3AA01D1-B8D0-45FB-955D-5854543AC29A}.Debug|x86.Build.0 = Debug|Win32
		{A3AA01D1-B8D0-45FB-955D-5854543AC29A}.Release|x64.ActiveCfg = Release|x64
		{A3AA01D1-B8D0-45FB-955D-5854543AC29A}.Release|x64.Build.0 = Release|x64
		{A3AA01D1-B8D0-45FB-955D-5854543AC29A}.Release|x86.ActiveCfg = Release|Win32
		{A3AA01D1-B8D0-45FB-955D-5854543AC29A}.Release|x86.Build.0 = Release|Win32
		{C91B9C64-0D4B-4DEF-A24F-B7F8D3A9BD68}.Debug|x64.ActiveCfg = Debug|x64
		{C91B9C64-0D4B-4DEF-A24F-B7F8D3A9BD68}.Debug|x64.Build.0 = Debug|x64
		{C91B9C64-0D4B-4DEF-A24F-B7F8D3A9BD68}.Debug|x86.ActiveCfg = Debug|Win32
		{C91B9C64-0D4B-4DEF-A24F-B7F8D3A9BD68}.Debug|x86.Build.0 = Debug|Win32
		{C91B9C64-0D4B-4DEF-A24F-B7F8D3A9BD68}.Release|x64.ActiveCfg = Release|x64
		{C91B9C64-0D4B-4DEF-A24F-B7F8D3A9BD68}.Release|x64.Build.0 = Release|x64
		{C91B9C64-0D4B-4DEF-A24F-B7F8D3A9BD68}.Release|x86.ActiveCfg = Release|Win32
		{C91B9C64-0D4B-4DEF-A24F-B7F8D3A9BD68}.Release|x86.Build.0 = Release|Win32
		{02072CAB-D768-4FAA-95C7-25B2E639A60F}.Debug|x64.ActiveCfg = Debug|x64
		{02072CAB-D768-4FAA-95C7-25B2E639A60F}.Debug|x64.Build.0 = Debug|x64
		{02072CAB-D768-4FAA-95C7-25B2E639A60F}.Debug|x86.ActiveCfg = Debug|Win32
		{02072CAB-D768-4FAA-95C7-25B2E639A60F}.Debug|x86.Build.0 = Debug|Win32
		{02072CAB-D768-4FAA-95C7-25B2E639A60F}.Release|x64.ActiveCfg = Release|x64
		{02072CAB-D768-4FAA-95C7-25B2E639A60F}.Release|x64.Build.0 = Release|x64
		{02072CAB-D768-4FAA-95C7-25B2E639A60F}.Release|x86.ActiveCfg = Release|Win32
		{02072CAB-D768-4FAA-95C7-25B2E639A60F}.Release|x86.Build.0 = Release|Win32
		{8E0E574E-6273-430C-9593-B93111E91D11}.Debug|x64.ActiveCfg = Debug|x64
		{8E0E574E-6273-430C-9593-B93111E91D11}.Debug|x64.Build.0 = Debug|x64
		{8E0E574E-6273-430C-9593-B93111E91D11}.Debug|x86.ActiveCfg = Debug|Win32
		{8E0E574E-6273-430C-9593-B93111E91D11}.Debug|x86.Build.0 = Debug|Win32
		{8E0E574E-6273-430C-9593-B93111E91D11}.Release|x64.ActiveCfg = Release|x64
		{8E0E574E-6273-430C-9593-B93111E91D11}.Release|x64.Build.0 = Release|x64
		{8E0E574E-6273-430C-9593-B93111E91D11}.Release|x86.ActiveCfg = Release|Win32
		{8E0E574E-6273-430C-9593-B93111E91D11}.Release|x86.Build.0 = Release|Win32
		{7CA38EFD-A0AA-41E1-A202-154B1D653045}.Debug|x64.ActiveCfg = Debug|x64
		{7CA38EFD-A0AA-41E1-A202-154B1D653045}.Debug|x64.Build.0 = Debug|x64
		{7CA38EFD-A0AA-41E1-A202-154B1D653045}.Debug|x86.ActiveCfg = Debug|Win32
		{7CA38EFD-A0AA-41E1-A202-154B1D653045}.Debug|x86.Build.0 = Debug|Win32
		{7CA38EFD-A0AA-41E1-A202-154B1D653045}.Release|x64.ActiveCfg = Release|x64
		{7CA38EFD-A0AA-41E1-A202-154B1D653045}.Release|x64.Build.0 = Release|x64
		{7CA38EFD-A0AA-41E1-A202-154B1D653045}.Release|x86.ActiveCfg = Release|Win32
		{7CA38EFD-A0AA-41E1-A202-154B1D653045}.Release|x86.Build.0 = Release|Win32
		{020A45CA-E61C-414B-B4AC-47EA6ADD2F72}.Debug|x64.ActiveCfg = Debug|x64
		{020A45CA-E61C-414B-B4AC-47EA6ADD2F72}.Debug|x64.Build.0 = Debug|x64
		{020A45CA-E61C-414B-B4AC-47EA6ADD2F72}.Debug|x86.ActiveCfg = Debug|Win32
		{020A45CA-E61C-414B-B4AC-47EA6ADD2F72}.Debug|x86.Build.0 = Debug|Win32
		{020A45CA-E61C-414B-B4AC-47EA6ADD2F72}.Release|x64.ActiveCfg = Release|x64
		{020A45CA-E61C-414B-B4AC-47EA6ADD2F72}.Release|x64.Build.0 = Release|x64
		{020A45CA-E61C-414B-B4AC-47EA6ADD2F72}.Release|x86.ActiveCfg = Release|Win32
		{020A45CA-E61C-414B-B4AC-47EA6ADD2F72}.Release|x86.Build.0 = Release|Win32
		{225EDEBF-DDDA-410D-8121-CC0D54E102D1}.Debug|x64.ActiveCfg = Debug|x64
		{225EDEBF-DDDA-410D-8121-CC0D54E102D1}.Debug|x64.Build.0 = Debug|x64
		{225EDEBF-DDDA-410D-8121-CC0D54E102D1}.Debug|x86.ActiveCfg = Debug|Win32
		{225EDEBF-DDDA-410D-8121-CC0D54E102D1}.Debug|x86.Build.0 = Debug|Win32
		{225EDEBF-DDDA-410D-8121-CC0D54E102D1}.Release|x64.ActiveCfg = Release|x64
		{225EDEBF-DDDA-410D-8121-CC0D54E102D1}.Release|x64.Build.0 = Release|x64
		{225EDEBF-DDDA-410D-8121-CC0D54E102D1}.Release|x86.ActiveCfg = Release|Win32
		{225EDEBF-DDDA-410D-8121-CC0D54E102D1}.Release|x86.Build.0 = Release|Win32
		{80F60569-15DA-4C12-87AE-619B208ACCCE}.Debug|x64.ActiveCfg = Debug|x64
		{80F60569-15DA-4C12-87AE-619B208ACCCE}.Debug|x64.Build.0 = Debug|x64
		{80F60569-15DA-4C12-87AE-619B208ACCCE}.Debug|x86.ActiveCfg = Debug|Win32
		{80F60569-15DA-4C12-87AE-619B208ACCCE}.Debug|x86.Build.0 = Debug|Win32
		{80F60569-15DA-4C12-87AE-619B208ACCCE}.Release|x64.ActiveCfg = Release|x64
		{80F60569-15DA-4C12-87AE-619B208ACCCE}.Release|x64.Build.0 = Release|x64
		{80F60569-15DA-4C12-87AE-619B208ACCCE}.Release|x86.ActiveCfg = Release|Win32
		{80F60569-15DA-4C12-87AE-619B208ACCCE}.Release|x86.Build.0 = Release|Win32
	EndGlobalSection
	GlobalSection(SolutionProperties) = preSolution
		HideSolutionNode = FALSE
	EndGlobalSection
	GlobalSection(NestedProjects) = preSolution
		{29B54ACB-8E78-4EE9-B161-1DDEF356E6E1} = {2F888912-4A7F-4C89-B6A8-959A9C8873F8}
		{85047443-5FF9-4430-99CF-BD452AE429E9} = {2F888912-4A7F-4C89-B6A8-959A9C8873F8}
		{18D96D40-5FCB-4E8A-864D-F9F1166861DA} = {2F888912-4A7F-4C89-B6A8-959A9C8873F8}
		{7E43020C-42A4-454F-9F39-E8F42F29F1EC} = {2F888912-4A7F-4C89-B6A8-959A9C8873F8}
		{674214A9-04AA-4C31-9769-6C6CDF9F78A8} = {2F888912-4A7F-4C89-B6A8-959A9C8873F8}
		{D48B3CA0-4659-46A3-8722-219FEEF511A4} = {2F888912-4A7F-4C89-B6A8-959A9C8873F8}
		{9C1E897B-B7BD-411E-B642-08F82FF63746} = {2F888912-4A7F-4C89-B6A8-959A9C8873F8}
		{6ED459CD-F230-4A69-902F-644E6C41600B} = {F78FA12E-D7D3-4368-AB24-589CCFB395DD}
		{12AB124B-440C-4ED8-95CE-CEEBB7835801} = {F78FA12E-D7D3-4368-AB24-589CCFB395DD}
		{E1FE9390-8679-4F6A-8978-B659178E1E4A} = {F78FA12E-D7D3-4368-AB24-589CCFB395DD}
		{E486B262-FFEF-4C2D-A1F5-7E573213B12E} = {AAD46423-D1CE-4DC5-9C6F-59EA85FD1932}
		{71A59C6E-B838-4886-B431-89E568B54887} = {AAD46423-D1CE-4DC5-9C6F-59EA85FD1932}
		{60FF3C92-3D9D-42C9-902F-DED16D9E44C6} = {AAD46423-D1CE-4DC5-9C6F-59EA85FD1932}
		{B4FDD3CC-E2C6-459E-BB77-DCAF88BD52E3} = {AAD46423-D1CE-4DC5-9C6F-59EA85FD1932}
		{2DD17543-1C99-455A-8743-93E6B4BCC358} = {23909E93-2B1D-4B3C-8481-E62B463920C7}
		{4CB0D494-2D7C-4306-A415-370F74709E2D} = {FD1B098A-E357-432E-95AB-E0F6D24F9992}
		{6B869132-36C5-45A0-A717-37337041A2A2} = {FD1B098A-E357-432E-95AB-E0F6D24F9992}
		{BD742365-E57C-4537-8337-5CA5656B830B} = {C34CE747-178D-431F-A803-5D003A4B7934}
		{B3754F03-2F20-48AF-9AE8-25C2584C5267} = {BC0C35D6-292D-4EB7-94E7-DA029CB579DC}
		{B9D9C0B9-EDE7-44BF-8726-19E518FC7380} = {BC0C35D6-292D-4EB7-94E7-DA029CB579DC}
		{F6E6B5BD-DA7D-43E4-9307-DD6D1E7F865A} = {BC0C35D6-292D-4EB7-94E7-DA029CB579DC}
		{5FC6BDB5-3F33-410A-A518-5134E2656D49} = {BC0C35D6-292D-4EB7-94E7-DA029CB579DC}
		{3535B43F-8455-4FB8-9EC8-472AD5963283} = {BC0C35D6-292D-4EB7-94E7-DA029CB579DC}
		{73DFE8BD-EB3A-46F9-8E27-AE66D7F52F67} = {BC0C35D6-292D-4EB7-94E7-DA029CB579DC}
		{49B1BA57-00FE-40EA-961C-129CE04AE731} = {BC0C35D6-292D-4EB7-94E7-DA029CB579DC}
		{70B90D1E-8DBF-4800-A937-6CA82AD8F03F} = {BC0C35D6-292D-4EB7-94E7-DA029CB579DC}
		{746F7EB8-65A8-484D-A8B5-E5641A69E5AD} = {BC0C35D6-292D-4EB7-94E7-DA029CB579DC}
		{D5808BC8-42A2-4186-8FA5-7E00962F6C02} = {BC0C35D6-292D-4EB7-94E7-DA029CB579DC}
		{23A7BC70-9F60-432A-B40E-12ABF6A3D628} = {BC0C35D6-292D-4EB7-94E7-DA029CB579DC}
		{635D6D74-FF75-4234-A215-9A1FF3A17F0A} = {2CB1C7AF-F201-495C-9959-19BFC7A49FF6}
		{F8B48D64-78ED-45A3-B85F-14FCDAE8EF54} = {22E845C9-B885-4A05-862A-D890D086CD76}
		{A453D6D6-C7DD-4843-80FA-84AA092B102A} = {22E845C9-B885-4A05-862A-D890D086CD76}
		{7726E21F-1AB3-45C2-BA32-6FDE29C87F6F} = {67126383-56DA-4674-9723-C0BFADF5A3BC}
		{6FC18459-261A-461E-BABE-A56A997E4D75} = {67126383-56DA-4674-9723-C0BFADF5A3BC}
		{C7098C29-7E61-481A-92F6-D2B0F96351DC} = {67126383-56DA-4674-9723-C0BFADF5A3BC}
		{5A2FB6BA-CC2B-41E4-A1A4-6582D78C60A6} = {16D662C9-EAE8-4BBB-BEA5-C9E50FE70361}
		{395FA14C-EBC9-4740-9A35-51733B6F2FE5} = {16D662C9-EAE8-4BBB-BEA5-C9E50FE70361}
		{6FE6E29D-772D-4605-944F-08E0A724A408} = {16D662C9-EAE8-4BBB-BEA5-C9E50FE70361}
		{FFF56AA1-D0C4-4F27-97FE-474CD3F119AD} = {16D662C9-EAE8-4BBB-BEA5-C9E50FE70361}
		{A8002275-36CA-4BF3-BC66-8331F0114675} = {16D662C9-EAE8-4BBB-BEA5-C9E50FE70361}
		{B41B929D-5913-4112-882E-1F2C4F0D25F9} = {16D662C9-EAE8-4BBB-BEA5-C9E50FE70361}
		{AE68E2A1-D3BE-4370-AD43-49219E0F9431} = {5C5AAC2A-20EB-4870-99C6-113CC8883582}
		{ADAB9803-CB9F-426B-9A6F-B8D6A1FD2B4F} = {0892302A-CE21-4E75-8D3E-C90A9741A1E5}
		{773C3A39-92D4-420C-86E2-1E8AC33D2009} = {0892302A-CE21-4E75-8D3E-C90A9741A1E5}
		{22C06E34-11ED-4892-A1DE-B74715A98F24} = {0892302A-CE21-4E75-8D3E-C90A9741A1E5}
		{A859D4A5-0894-4A16-9DA6-80482B8B4491} = {0892302A-CE21-4E75-8D3E-C90A9741A1E5}
		{506757C3-3D00-45AD-BC1F-6622CBFC636A} = {0892302A-CE21-4E75-8D3E-C90A9741A1E5}
		{D801D0DF-C523-4B98-85C2-1CF6E3E6ECD8} = {0892302A-CE21-4E75-8D3E-C90A9741A1E5}
		{6F91D818-349D-4441-A73F-B57A363219A8} = {0892302A-CE21-4E75-8D3E-C90A9741A1E5}
		{A3AA01D1-B8D0-45FB-955D-5854543AC29A} = {0892302A-CE21-4E75-8D3E-C90A9741A1E5}
		{C91B9C64-0D4B-4DEF-A24F-B7F8D3A9BD68} = {0892302A-CE21-4E75-8D3E-C90A9741A1E5}
		{02072CAB-D768-4FAA-95C7-25B2E639A60F} = {0892302A-CE21-4E75-8D3E-C90A9741A1E5}
		{8E0E574E-6273-430C-9593-B93111E91D11} = {2BC9B9D0-14E2-4F31-82C5-81F4D6B48AD0}
		{7CA38EFD-A0AA-41E1-A202-154B1D653045} = {2BC9B9D0-14E2-4F31-82C5-81F4D6B48AD0}
		{020A45CA-E61C-414B-B4AC-47EA6ADD2F72} = {5A6E7127-B86D-4EDD-80B6-D2C8EFF2ABA2}
		{225EDEBF-DDDA-410D-8121-CC0D54E102D1} = {5A6E7127-B86D-4EDD-80B6-D2C8EFF2ABA2}
		{80F60569-15DA-4C12-87AE-619B208ACCCE} = {5A6E7127-B86D-4EDD-80B6-D2C8EFF2ABA2}
	EndGlobalSection
	GlobalSection(ExtensibilityGlobals) = postSolution
		SolutionGuid = {8874FB64-97F9-4303-857F-22226BFDCF4E}
	EndGlobalSection
EndGlobal
